Microsoft Visual Studio Solution File, Format Version 11.00
# Visual Studio 2008

Project("{0BDDEAD0-ECEB-E17C-01CD-4379BA15E5C6}") = "Platformer - Olympus", "Assembly-CSharp.csproj", "{424C56E7-2DC9-B9EC-CB58-85560F1E7ACE}"
EndProject
Global
	GlobalSection(SolutionConfigurationPlatforms) = preSolution
		Debug|Any CPU = Debug|Any CPU
		Release|Any CPU = Release|Any CPU
	EndGlobalSection
	GlobalSection(ProjectConfigurationPlatforms) = postSolution
		{424C56E7-2DC9-B9EC-CB58-85560F1E7ACE}.Debug|Any CPU.ActiveCfg = Debug|Any CPU
		{424C56E7-2DC9-B9EC-CB58-85560F1E7ACE}.Debug|Any CPU.Build.0 = Debug|Any CPU
		{424C56E7-2DC9-B9EC-CB58-85560F1E7ACE}.Release|Any CPU.ActiveCfg = Release|Any CPU
		{424C56E7-2DC9-B9EC-CB58-85560F1E7ACE}.Release|Any CPU.Build.0 = Release|Any CPU
	EndGlobalSection
	GlobalSection(SolutionProperties) = preSolution
		HideSolutionNode = FALSE
	EndGlobalSection
	GlobalSection(MonoDevelopProperties) = preSolution
		StartupItem = Assembly-CSharp.csproj
	EndGlobalSection
EndGlobal
